// !$*UTF8*$!
{
	archiveVersion = 1;
	classes = {
	};
	objectVersion = 56;
	objects = {

/* Begin PBXBuildFile section */
		736E04AD2A989D09000A5A9E /* FirebaseChatRealTime.docc in Sources */ = {isa = PBXBuildFile; fileRef = 736E04AC2A989D09000A5A9E /* FirebaseChatRealTime.docc */; };
		736E04B32A989D0A000A5A9E /* FirebaseChatRealTime.framework in Frameworks */ = {isa = PBXBuildFile; fileRef = 736E04A82A989D09000A5A9E /* FirebaseChatRealTime.framework */; };
		736E04B82A989D0A000A5A9E /* FirebaseChatRealTimeTests.swift in Sources */ = {isa = PBXBuildFile; fileRef = 736E04B72A989D0A000A5A9E /* FirebaseChatRealTimeTests.swift */; };
		736E04B92A989D0A000A5A9E /* FirebaseChatRealTime.h in Headers */ = {isa = PBXBuildFile; fileRef = 736E04AB2A989D09000A5A9E /* FirebaseChatRealTime.h */; settings = {ATTRIBUTES = (Public, ); }; };
/* End PBXBuildFile section */

/* Begin PBXContainerItemProxy section */
		736E04B42A989D0A000A5A9E /* PBXContainerItemProxy */ = {
			isa = PBXContainerItemProxy;
			containerPortal = 736E049F2A989D09000A5A9E /* Project object */;
			proxyType = 1;
			remoteGlobalIDString = 736E04A72A989D09000A5A9E;
			remoteInfo = FirebaseChatRealTime;
		};
/* End PBXContainerItemProxy section */

/* Begin PBXFileReference section */
		736E04A82A989D09000A5A9E /* FirebaseChatRealTime.framework */ = {isa = PBXFileReference; explicitFileType = wrapper.framework; includeInIndex = 0; path = FirebaseChatRealTime.framework; sourceTree = BUILT_PRODUCTS_DIR; };
		736E04AB2A989D09000A5A9E /* FirebaseChatRealTime.h */ = {isa = PBXFileReference; lastKnownFileType = sourcecode.c.h; path = FirebaseChatRealTime.h; sourceTree = "<group>"; };
		736E04AC2A989D09000A5A9E /* FirebaseChatRealTime.docc */ = {isa = PBXFileReference; lastKnownFileType = folder.documentationcatalog; path = FirebaseChatRealTime.docc; sourceTree = "<group>"; };
		736E04B22A989D0A000A5A9E /* FirebaseChatRealTimeTests.xctest */ = {isa = PBXFileReference; explicitFileType = wrapper.cfbundle; includeInIndex = 0; path = FirebaseChatRealTimeTests.xctest; sourceTree = BUILT_PRODUCTS_DIR; };
		736E04B72A989D0A000A5A9E /* FirebaseChatRealTimeTests.swift */ = {isa = PBXFileReference; lastKnownFileType = sourcecode.swift; path = FirebaseChatRealTimeTests.swift; sourceTree = "<group>"; };
/* End PBXFileReference section */

/* Begin PBXFrameworksBuildPhase section */
		736E04A52A989D09000A5A9E /* Frameworks */ = {
			isa = PBXFrameworksBuildPhase;
			buildActionMask = 2147483647;
			files = (
			);
			runOnlyForDeploymentPostprocessing = 0;
		};
		736E04AF2A989D0A000A5A9E /* Frameworks */ = {
			isa = PBXFrameworksBuildPhase;
			buildActionMask = 2147483647;
			files = (
				736E04B32A989D0A000A5A9E /* FirebaseChatRealTime.framework in Frameworks */,
			);
			runOnlyForDeploymentPostprocessing = 0;
		};
/* End PBXFrameworksBuildPhase section */

/* Begin PBXGroup section */
		736E049E2A989D09000A5A9E = {
			isa = PBXGroup;
			children = (
				736E04AA2A989D09000A5A9E /* FirebaseChatRealTime */,
				736E04B62A989D0A000A5A9E /* FirebaseChatRealTimeTests */,
				736E04A92A989D09000A5A9E /* Products */,
			);
			sourceTree = "<group>";
		};
		736E04A92A989D09000A5A9E /* Products */ = {
			isa = PBXGroup;
			children = (
				736E04A82A989D09000A5A9E /* FirebaseChatRealTime.framework */,
				736E04B22A989D0A000A5A9E /* FirebaseChatRealTimeTests.xctest */,
			);
			name = Products;
			sourceTree = "<group>";
		};
		736E04AA2A989D09000A5A9E /* FirebaseChatRealTime */ = {
			isa = PBXGroup;
			children = (
				736E04AB2A989D09000A5A9E /* FirebaseChatRealTime.h */,
				736E04AC2A989D09000A5A9E /* FirebaseChatRealTime.docc */,
			);
			path = FirebaseChatRealTime;
			sourceTree = "<group>";
		};
		736E04B62A989D0A000A5A9E /* FirebaseChatRealTimeTests */ = {
			isa = PBXGroup;
			children = (
				736E04B72A989D0A000A5A9E /* FirebaseChatRealTimeTests.swift */,
			);
			path = FirebaseChatRealTimeTests;
			sourceTree = "<group>";
		};
/* End PBXGroup section */

/* Begin PBXHeadersBuildPhase section */
		736E04A32A989D09000A5A9E /* Headers */ = {
			isa = PBXHeadersBuildPhase;
			buildActionMask = 2147483647;
			files = (
				736E04B92A989D0A000A5A9E /* FirebaseChatRealTime.h in Headers */,
			);
			runOnlyForDeploymentPostprocessing = 0;
		};
/* End PBXHeadersBuildPhase section */

/* Begin PBXNativeTarget section */
		736E04A72A989D09000A5A9E /* FirebaseChatRealTime */ = {
			isa = PBXNativeTarget;
			buildConfigurationList = 736E04BC2A989D0A000A5A9E /* Build configuration list for PBXNativeTarget "FirebaseChatRealTime" */;
			buildPhases = (
				736E04A32A989D09000A5A9E /* Headers */,
				736E04A42A989D09000A5A9E /* Sources */,
				736E04A52A989D09000A5A9E /* Frameworks */,
				736E04A62A989D09000A5A9E /* Resources */,
			);
			buildRules = (
			);
			dependencies = (
			);
			name = FirebaseChatRealTime;
			productName = FirebaseChatRealTime;
			productReference = 736E04A82A989D09000A5A9E /* FirebaseChatRealTime.framework */;
			productType = "com.apple.product-type.framework";
		};
		736E04B12A989D0A000A5A9E /* FirebaseChatRealTimeTests */ = {
			isa = PBXNativeTarget;
			buildConfigurationList = 736E04BF2A989D0A000A5A9E /* Build configuration list for PBXNativeTarget "FirebaseChatRealTimeTests" */;
			buildPhases = (
				736E04AE2A989D0A000A5A9E /* Sources */,
				736E04AF2A989D0A000A5A9E /* Frameworks */,
				736E04B02A989D0A000A5A9E /* Resources */,
			);
			buildRules = (
			);
			dependencies = (
				736E04B52A989D0A000A5A9E /* PBXTargetDependency */,
			);
			name = FirebaseChatRealTimeTests;
			productName = FirebaseChatRealTimeTests;
			productReference = 736E04B22A989D0A000A5A9E /* FirebaseChatRealTimeTests.xctest */;
			productType = "com.apple.product-type.bundle.unit-test";
		};
/* End PBXNativeTarget section */

/* Begin PBXProject section */
		736E049F2A989D09000A5A9E /* Project object */ = {
			isa = PBXProject;
			attributes = {
				BuildIndependentTargetsInParallel = 1;
				LastSwiftUpdateCheck = 1500;
				LastUpgradeCheck = 1500;
				TargetAttributes = {
					736E04A72A989D09000A5A9E = {
						CreatedOnToolsVersion = 15.0;
					};
					736E04B12A989D0A000A5A9E = {
						CreatedOnToolsVersion = 15.0;
					};
				};
			};
			buildConfigurationList = 736E04A22A989D09000A5A9E /* Build configuration list for PBXProject "FirebaseChatRealTime" */;
			compatibilityVersion = "Xcode 14.0";
			developmentRegion = en;
			hasScannedForEncodings = 0;
			knownRegions = (
				en,
				Base,
			);
			mainGroup = 736E049E2A989D09000A5A9E;
			productRefGroup = 736E04A92A989D09000A5A9E /* Products */;
			projectDirPath = "";
			projectRoot = "";
			targets = (
				736E04A72A989D09000A5A9E /* FirebaseChatRealTime */,
				736E04B12A989D0A000A5A9E /* FirebaseChatRealTimeTests */,
			);
		};
/* End PBXProject section */

/* Begin PBXResourcesBuildPhase section */
		736E04A62A989D09000A5A9E /* Resources */ = {
			isa = PBXResourcesBuildPhase;
			buildActionMask = 2147483647;
			files = (
			);
			runOnlyForDeploymentPostprocessing = 0;
		};
		736E04B02A989D0A000A5A9E /* Resources */ = {
			isa = PBXResourcesBuildPhase;
			buildActionMask = 2147483647;
			files = (
			);
			runOnlyForDeploymentPostprocessing = 0;
		};
/* End PBXResourcesBuildPhase section */

/* Begin PBXSourcesBuildPhase section */
		736E04A42A989D09000A5A9E /* Sources */ = {
			isa = PBXSourcesBuildPhase;
			buildActionMask = 2147483647;
			files = (
				736E04AD2A989D09000A5A9E /* FirebaseChatRealTime.docc in Sources */,
			);
			runOnlyForDeploymentPostprocessing = 0;
		};
		736E04AE2A989D0A000A5A9E /* Sources */ = {
			isa = PBXSourcesBuildPhase;
			buildActionMask = 2147483647;
			files = (
				736E04B82A989D0A000A5A9E /* FirebaseChatRealTimeTests.swift in Sources */,
			);
			runOnlyForDeploymentPostprocessing = 0;
		};
/* End PBXSourcesBuildPhase section */

/* Begin PBXTargetDependency section */
		736E04B52A989D0A000A5A9E /* PBXTargetDependency */ = {
			isa = PBXTargetDependency;
			target = 736E04A72A989D09000A5A9E /* FirebaseChatRealTime */;
			targetProxy = 736E04B42A989D0A000A5A9E /* PBXContainerItemProxy */;
		};
/* End PBXTargetDependency section */

/* Begin XCBuildConfiguration section */
		736E04BA2A989D0A000A5A9E /* Debug */ = {
			isa = XCBuildConfiguration;
			buildSettings = {
				ALWAYS_SEARCH_USER_PATHS = NO;
				ASSETCATALOG_COMPILER_GENERATE_SWIFT_ASSET_SYMBOL_EXTENSIONS = YES;
				CLANG_ANALYZER_NONNULL = YES;
				CLANG_ANALYZER_NUMBER_OBJECT_CONVERSION = YES_AGGRESSIVE;
				CLANG_CXX_LANGUAGE_STANDARD = "gnu++20";
				CLANG_ENABLE_MODULES = YES;
				CLANG_ENABLE_OBJC_ARC = YES;
				CLANG_ENABLE_OBJC_WEAK = YES;
				CLANG_WARN_BLOCK_CAPTURE_AUTORELEASING = YES;
				CLANG_WARN_BOOL_CONVERSION = YES;
				CLANG_WARN_COMMA = YES;
				CLANG_WARN_CONSTANT_CONVERSION = YES;
				CLANG_WARN_DEPRECATED_OBJC_IMPLEMENTATIONS = YES;
				CLANG_WARN_DIRECT_OBJC_ISA_USAGE = YES_ERROR;
				CLANG_WARN_DOCUMENTATION_COMMENTS = YES;
				CLANG_WARN_EMPTY_BODY = YES;
				CLANG_WARN_ENUM_CONVERSION = YES;
				CLANG_WARN_INFINITE_RECURSION = YES;
				CLANG_WARN_INT_CONVERSION = YES;
				CLANG_WARN_NON_LITERAL_NULL_CONVERSION = YES;
				CLANG_WARN_OBJC_IMPLICIT_RETAIN_SELF = YES;
				CLANG_WARN_OBJC_LITERAL_CONVERSION = YES;
				CLANG_WARN_OBJC_ROOT_CLASS = YES_ERROR;
				CLANG_WARN_QUOTED_INCLUDE_IN_FRAMEWORK_HEADER = YES;
				CLANG_WARN_RANGE_LOOP_ANALYSIS = YES;
				CLANG_WARN_STRICT_PROTOTYPES = YES;
				CLANG_WARN_SUSPICIOUS_MOVE = YES;
				CLANG_WARN_UNGUARDED_AVAILABILITY = YES_AGGRESSIVE;
				CLANG_WARN_UNREACHABLE_CODE = YES;
				CLANG_WARN__DUPLICATE_METHOD_MATCH = YES;
				COPY_PHASE_STRIP = NO;
				CURRENT_PROJECT_VERSION = 1;
				DEBUG_INFORMATION_FORMAT = dwarf;
				ENABLE_STRICT_OBJC_MSGSEND = YES;
				ENABLE_TESTABILITY = YES;
				ENABLE_USER_SCRIPT_SANDBOXING = YES;
				GCC_C_LANGUAGE_STANDARD = gnu17;
				GCC_DYNAMIC_NO_PIC = NO;
				GCC_NO_COMMON_BLOCKS = YES;
				GCC_OPTIMIZATION_LEVEL = 0;
				GCC_PREPROCESSOR_DEFINITIONS = (
					"DEBUG=1",
					"$(inherited)",
				);
				GCC_WARN_64_TO_32_BIT_CONVERSION = YES;
				GCC_WARN_ABOUT_RETURN_TYPE = YES_ERROR;
				GCC_WARN_UNDECLARED_SELECTOR = YES;
				GCC_WARN_UNINITIALIZED_AUTOS = YES_AGGRESSIVE;
				GCC_WARN_UNUSED_FUNCTION = YES;
				GCC_WARN_UNUSED_VARIABLE = YES;
				IPHONEOS_DEPLOYMENT_TARGET = 17.0;
				LOCALIZATION_PREFERS_STRING_CATALOGS = YES;
				MTL_ENABLE_DEBUG_INFO = INCLUDE_SOURCE;
				MTL_FAST_MATH = YES;
				ONLY_ACTIVE_ARCH = YES;
				SDKROOT = iphoneos;
				SWIFT_ACTIVE_COMPILATION_CONDITIONS = "DEBUG $(inherited)";
				SWIFT_OPTIMIZATION_LEVEL = "-Onone";
				VERSIONING_SYSTEM = "apple-generic";
				VERSION_INFO_PREFIX = "";
			};
			name = Debug;
		};
		736E04BB2A989D0A000A5A9E /* Release */ = {
			isa = XCBuildConfiguration;
			buildSettings = {
				ALWAYS_SEARCH_USER_PATHS = NO;
				ASSETCATALOG_COMPILER_GENERATE_SWIFT_ASSET_SYMBOL_EXTENSIONS = YES;
				CLANG_ANALYZER_NONNULL = YES;
				CLANG_ANALYZER_NUMBER_OBJECT_CONVERSION = YES_AGGRESSIVE;
				CLANG_CXX_LANGUAGE_STANDARD = "gnu++20";
				CLANG_ENABLE_MODULES = YES;
				CLANG_ENABLE_OBJC_ARC = YES;
				CLANG_ENABLE_OBJC_WEAK = YES;
				CLANG_WARN_BLOCK_CAPTURE_AUTORELEASING = YES;
				CLANG_WARN_BOOL_CONVERSION = YES;
				CLANG_WARN_COMMA = YES;
				CLANG_WARN_CONSTANT_CONVERSION = YES;
				CLANG_WARN_DEPRECATED_OBJC_IMPLEMENTATIONS = YES;
				CLANG_WARN_DIRECT_OBJC_ISA_USAGE = YES_ERROR;
				CLANG_WARN_DOCUMENTATION_COMMENTS = YES;
				CLANG_WARN_EMPTY_BODY = YES;
				CLANG_WARN_ENUM_CONVERSION = YES;
				CLANG_WARN_INFINITE_RECURSION = YES;
				CLANG_WARN_INT_CONVERSION = YES;
				CLANG_WARN_NON_LITERAL_NULL_CONVERSION = YES;
				CLANG_WARN_OBJC_IMPLICIT_RETAIN_SELF = YES;
				CLANG_WARN_OBJC_LITERAL_CONVERSION = YES;
				CLANG_WARN_OBJC_ROOT_CLASS = YES_ERROR;
				CLANG_WARN_QUOTED_INCLUDE_IN_FRAMEWORK_HEADER = YES;
				CLANG_WARN_RANGE_LOOP_ANALYSIS = YES;
				CLANG_WARN_STRICT_PROTOTYPES = YES;
				CLANG_WARN_SUSPICIOUS_MOVE = YES;
				CLANG_WARN_UNGUARDED_AVAILABILITY = YES_AGGRESSIVE;
				CLANG_WARN_UNREACHABLE_CODE = YES;
				CLANG_WARN__DUPLICATE_METHOD_MATCH = YES;
				COPY_PHASE_STRIP = NO;
				CURRENT_PROJECT_VERSION = 1;
				DEBUG_INFORMATION_FORMAT = "dwarf-with-dsym";
				ENABLE_NS_ASSERTIONS = NO;
				ENABLE_STRICT_OBJC_MSGSEND = YES;
				ENABLE_USER_SCRIPT_SANDBOXING = YES;
				GCC_C_LANGUAGE_STANDARD = gnu17;
				GCC_NO_COMMON_BLOCKS = YES;
				GCC_WARN_64_TO_32_BIT_CONVERSION = YES;
				GCC_WARN_ABOUT_RETURN_TYPE = YES_ERROR;
				GCC_WARN_UNDECLARED_SELECTOR = YES;
				GCC_WARN_UNINITIALIZED_AUTOS = YES_AGGRESSIVE;
				GCC_WARN_UNUSED_FUNCTION = YES;
				GCC_WARN_UNUSED_VARIABLE = YES;
				IPHONEOS_DEPLOYMENT_TARGET = 17.0;
				LOCALIZATION_PREFERS_STRING_CATALOGS = YES;
				MTL_ENABLE_DEBUG_INFO = NO;
				MTL_FAST_MATH = YES;
				SDKROOT = iphoneos;
				SWIFT_COMPILATION_MODE = wholemodule;
				VALIDATE_PRODUCT = YES;
				VERSIONING_SYSTEM = "apple-generic";
				VERSION_INFO_PREFIX = "";
			};
			name = Release;
		};
		736E04BD2A989D0A000A5A9E /* Debug */ = {
			isa = XCBuildConfiguration;
			buildSettings = {
				CODE_SIGN_STYLE = Automatic;
				CURRENT_PROJECT_VERSION = 1;
				DEFINES_MODULE = YES;
				DYLIB_COMPATIBILITY_VERSION = 1;
				DYLIB_CURRENT_VERSION = 1;
				DYLIB_INSTALL_NAME_BASE = "@rpath";
				ENABLE_MODULE_VERIFIER = YES;
				GENERATE_INFOPLIST_FILE = YES;
				INFOPLIST_KEY_NSHumanReadableCopyright = "";
				INSTALL_PATH = "$(LOCAL_LIBRARY_DIR)/Frameworks";
				LD_RUNPATH_SEARCH_PATHS = (
					"$(inherited)",
					"@executable_path/Frameworks",
					"@loader_path/Frameworks",
				);
				MARKETING_VERSION = 1.0;
				MODULE_VERIFIER_SUPPORTED_LANGUAGES = "objective-c objective-c++";
				MODULE_VERIFIER_SUPPORTED_LANGUAGE_STANDARDS = "gnu17 gnu++20";
				PRODUCT_BUNDLE_IDENTIFIER = helloDev.FirebaseChatRealTime;
				PRODUCT_NAME = "$(TARGET_NAME:c99extidentifier)";
				SKIP_INSTALL = YES;
				SWIFT_EMIT_LOC_STRINGS = YES;
				SWIFT_VERSION = 5.0;
				TARGETED_DEVICE_FAMILY = "1,2";
			};
			name = Debug;
		};
		736E04BE2A989D0A000A5A9E /* Release */ = {
			isa = XCBuildConfiguration;
			buildSettings = {
				CODE_SIGN_STYLE = Automatic;
				CURRENT_PROJECT_VERSION = 1;
				DEFINES_MODULE = YES;
				DYLIB_COMPATIBILITY_VERSION = 1;
				DYLIB_CURRENT_VERSION = 1;
				DYLIB_INSTALL_NAME_BASE = "@rpath";
				ENABLE_MODULE_VERIFIER = YES;
				GENERATE_INFOPLIST_FILE = YES;
				INFOPLIST_KEY_NSHumanReadableCopyright = "";
				INSTALL_PATH = "$(LOCAL_LIBRARY_DIR)/Frameworks";
				LD_RUNPATH_SEARCH_PATHS = (
					"$(inherited)",
					"@executable_path/Frameworks",
					"@loader_path/Frameworks",
				);
				MARKETING_VERSION = 1.0;
				MODULE_VERIFIER_SUPPORTED_LANGUAGES = "objective-c objective-c++";
				MODULE_VERIFIER_SUPPORTED_LANGUAGE_STANDARDS = "gnu17 gnu++20";
				PRODUCT_BUNDLE_IDENTIFIER = helloDev.FirebaseChatRealTime;
				PRODUCT_NAME = "$(TARGET_NAME:c99extidentifier)";
				SKIP_INSTALL = YES;
				SWIFT_EMIT_LOC_STRINGS = YES;
				SWIFT_VERSION = 5.0;
				TARGETED_DEVICE_FAMILY = "1,2";
			};
			name = Release;
		};
		736E04C02A989D0A000A5A9E /* Debug */ = {
			isa = XCBuildConfiguration;
			buildSettings = {
				CODE_SIGN_STYLE = Automatic;
				CURRENT_PROJECT_VERSION = 1;
				GENERATE_INFOPLIST_FILE = YES;
				MARKETING_VERSION = 1.0;
				PRODUCT_BUNDLE_IDENTIFIER = helloDev.FirebaseChatRealTimeTests;
				PRODUCT_NAME = "$(TARGET_NAME)";
				SWIFT_EMIT_LOC_STRINGS = NO;
				SWIFT_VERSION = 5.0;
				TARGETED_DEVICE_FAMILY = "1,2";
			};
			name = Debug;
		};
		736E04C12A989D0A000A5A9E /* Release */ = {
			isa = XCBuildConfiguration;
			buildSettings = {
				CODE_SIGN_STYLE = Automatic;
				CURRENT_PROJECT_VERSION = 1;
				GENERATE_INFOPLIST_FILE = YES;
				MARKETING_VERSION = 1.0;
				PRODUCT_BUNDLE_IDENTIFIER = helloDev.FirebaseChatRealTimeTests;
				PRODUCT_NAME = "$(TARGET_NAME)";
				SWIFT_EMIT_LOC_STRINGS = NO;
				SWIFT_VERSION = 5.0;
				TARGETED_DEVICE_FAMILY = "1,2";
			};
			name = Release;
		};
/* End XCBuildConfiguration section */

/* Begin XCConfigurationList section */
		736E04A22A989D09000A5A9E /* Build configuration list for PBXProject "FirebaseChatRealTime" */ = {
			isa = XCConfigurationList;
			buildConfigurations = (
				736E04BA2A989D0A000A5A9E /* Debug */,
				736E04BB2A989D0A000A5A9E /* Release */,
			);
			defaultConfigurationIsVisible = 0;
			defaultConfigurationName = Release;
		};
		736E04BC2A989D0A000A5A9E /* Build configuration list for PBXNativeTarget "FirebaseChatRealTime" */ = {
			isa = XCConfigurationList;
			buildConfigurations = (
				736E04BD2A989D0A000A5A9E /* Debug */,
				736E04BE2A989D0A000A5A9E /* Release */,
			);
			defaultConfigurationIsVisible = 0;
			defaultConfigurationName = Release;
		};
		736E04BF2A989D0A000A5A9E /* Build configuration list for PBXNativeTarget "FirebaseChatRealTimeTests" */ = {
			isa = XCConfigurationList;
			buildConfigurations = (
				736E04C02A989D0A000A5A9E /* Debug */,
				736E04C12A989D0A000A5A9E /* Release */,
			);
			defaultConfigurationIsVisible = 0;
			defaultConfigurationName = Release;
		};
/* End XCConfigurationList section */
	};
	rootObject = 736E049F2A989D09000A5A9E /* Project object */;
}
